// !$*UTF8*$!
{
	archiveVersion = 1;
	classes = {
	};
	objectVersion = 56;
	objects = {

/* Begin PBXBuildFile section */
		FA0296B129EEE8A2003D3F2E /* AllModelView.swift in Sources */ = {isa = PBXBuildFile; fileRef = FA0296B029EEE8A2003D3F2E /* AllModelView.swift */; };
		FA0296B329EEF3E0003D3F2E /* TabViewModel.swift in Sources */ = {isa = PBXBuildFile; fileRef = FA0296B229EEF3E0003D3F2E /* TabViewModel.swift */; };
		FA0296B629EEF714003D3F2E /* searchViewModel.swift in Sources */ = {isa = PBXBuildFile; fileRef = FA0296B529EEF714003D3F2E /* searchViewModel.swift */; };
		FA0EDC8C29F5852C0041AF89 /* MovieSerieList.swift in Sources */ = {isa = PBXBuildFile; fileRef = FA0EDC8B29F5852C0041AF89 /* MovieSerieList.swift */; };
		FA0EDC8F29F5B1980041AF89 /* VideoPLayerView.swift in Sources */ = {isa = PBXBuildFile; fileRef = FA0EDC8E29F5B1980041AF89 /* VideoPLayerView.swift */; };
		FA21E68C29EDD34D0081285B /* Kingfisher in Frameworks */ = {isa = PBXBuildFile; productRef = FA21E68B29EDD34D0081285B /* Kingfisher */; };
		FA222E1D29F03CC8002BC088 /* UserViewModel.swift in Sources */ = {isa = PBXBuildFile; fileRef = FA222E1C29F03CC8002BC088 /* UserViewModel.swift */; };
		FA3E479D29EABE7300D1A93C /* FirebaseDatabaseInfo.swift in Sources */ = {isa = PBXBuildFile; fileRef = FA3E479C29EABE7300D1A93C /* FirebaseDatabaseInfo.swift */; };
		FA3E479F29EADF1C00D1A93C /* HomeModelView.swift in Sources */ = {isa = PBXBuildFile; fileRef = FA3E479E29EADF1C00D1A93C /* HomeModelView.swift */; };
		FA46CF1629F850AE007B8F4B /* Uploadfavorite.swift in Sources */ = {isa = PBXBuildFile; fileRef = FA46CF1529F850AE007B8F4B /* Uploadfavorite.swift */; };
		FA487CE229E4706200FC332C /* Info.swift in Sources */ = {isa = PBXBuildFile; fileRef = FA487CE129E4706200FC332C /* Info.swift */; };
		FA487CE629E4793C00FC332C /* DestinationStart.swift in Sources */ = {isa = PBXBuildFile; fileRef = FA487CE529E4793C00FC332C /* DestinationStart.swift */; };
		FA487CE829E47A0C00FC332C /* LaunchScreen.swift in Sources */ = {isa = PBXBuildFile; fileRef = FA487CE729E47A0C00FC332C /* LaunchScreen.swift */; };
		FA4C00E12A019350001CDC1B /* ProfilePageViewModel.swift in Sources */ = {isa = PBXBuildFile; fileRef = FA4C00E02A019350001CDC1B /* ProfilePageViewModel.swift */; };
		FA4C0E1A29DCDD2B00D035C6 /* ResetPasswordView.swift in Sources */ = {isa = PBXBuildFile; fileRef = FA4C0E1929DCDD2B00D035C6 /* ResetPasswordView.swift */; };
		FA4C0E1F29DCE29800D035C6 /* CreatAccountView.swift in Sources */ = {isa = PBXBuildFile; fileRef = FA4C0E1E29DCE29800D035C6 /* CreatAccountView.swift */; };
		FA4C0E2129DCE53700D035C6 /* Colors.xcassets in Resources */ = {isa = PBXBuildFile; fileRef = FA4C0E2029DCE53700D035C6 /* Colors.xcassets */; };
		FA4F395E29FD9B1E00B7CF0A /* FilterPageView.swift in Sources */ = {isa = PBXBuildFile; fileRef = FA4F395D29FD9B1E00B7CF0A /* FilterPageView.swift */; };
		FA57CDDC2A0036C600814CFD /* ProfilePageView.swift in Sources */ = {isa = PBXBuildFile; fileRef = FA57CDDB2A0036C600814CFD /* ProfilePageView.swift */; };
		FA5EC59529F2FB1400751923 /* DetalPageView.swift in Sources */ = {isa = PBXBuildFile; fileRef = FA5EC59429F2FB1400751923 /* DetalPageView.swift */; };
		FA5EC59929F30DCF00751923 /* DescriptionView.swift in Sources */ = {isa = PBXBuildFile; fileRef = FA5EC59829F30DCF00751923 /* DescriptionView.swift */; };
		FA6585E129DDB8E60057D70C /* TabBarView.swift in Sources */ = {isa = PBXBuildFile; fileRef = FA6585E029DDB8E60057D70C /* TabBarView.swift */; };
		FA6A7A4F29E1C38E00A549D1 /* CustomListView.swift in Sources */ = {isa = PBXBuildFile; fileRef = FA6A7A4E29E1C38E00A549D1 /* CustomListView.swift */; };
		FA772E8629E6AF6400964048 /* ActivityIndicator.swift in Sources */ = {isa = PBXBuildFile; fileRef = FA772E8529E6AF6400964048 /* ActivityIndicator.swift */; };
		FA772E8829E6BF9F00964048 /* GoogleService-Info.plist in Resources */ = {isa = PBXBuildFile; fileRef = FA772E8729E6BF9F00964048 /* GoogleService-Info.plist */; };
		FA772E9929E6C07700964048 /* SignInViewModel.swift in Sources */ = {isa = PBXBuildFile; fileRef = FA772E9829E6C07700964048 /* SignInViewModel.swift */; };
		FA772E9C29E6DCE900964048 /* ResetPasswordModelView.swift in Sources */ = {isa = PBXBuildFile; fileRef = FA772E9B29E6DCE900964048 /* ResetPasswordModelView.swift */; };
		FA772EA029E6E2F800964048 /* CustomButton.swift in Sources */ = {isa = PBXBuildFile; fileRef = FA772E9F29E6E2F800964048 /* CustomButton.swift */; };
		FA772EA329E6EA0800964048 /* PrivacypPolicyView.swift in Sources */ = {isa = PBXBuildFile; fileRef = FA772EA229E6EA0800964048 /* PrivacypPolicyView.swift */; };
		FA772EA729E6EC2200964048 /* RegisterModelView.swift in Sources */ = {isa = PBXBuildFile; fileRef = FA772EA629E6EC2200964048 /* RegisterModelView.swift */; };
		FA77B8E329F0109000B8317C /* PhotoUploader.swift in Sources */ = {isa = PBXBuildFile; fileRef = FA77B8E229F0109000B8317C /* PhotoUploader.swift */; };
		FA7A8A8929DCAA0B00C49FCA /* ZenionApp.swift in Sources */ = {isa = PBXBuildFile; fileRef = FA7A8A8829DCAA0B00C49FCA /* ZenionApp.swift */; };
		FA7A8A8D29DCAA0C00C49FCA /* Assets.xcassets in Resources */ = {isa = PBXBuildFile; fileRef = FA7A8A8C29DCAA0C00C49FCA /* Assets.xcassets */; };
		FA7A8A9029DCAA0C00C49FCA /* Preview Assets.xcassets in Resources */ = {isa = PBXBuildFile; fileRef = FA7A8A8F29DCAA0C00C49FCA /* Preview Assets.xcassets */; };
		FA7A8A9A29DCAA0C00C49FCA /* ZenionTests.swift in Sources */ = {isa = PBXBuildFile; fileRef = FA7A8A9929DCAA0C00C49FCA /* ZenionTests.swift */; };
		FA7AEC9E29DCC81B00DC1ED8 /* SiginWithPasswordView.swift in Sources */ = {isa = PBXBuildFile; fileRef = FA7AEC9D29DCC81B00DC1ED8 /* SiginWithPasswordView.swift */; };
		FA7AECA629DCDAEF00DC1ED8 /* CustomRegisterButtom.swift in Sources */ = {isa = PBXBuildFile; fileRef = FA7AECA529DCDAEF00DC1ED8 /* CustomRegisterButtom.swift */; };
		FA8B298F29F3368800A12CE7 /* HomeContents.swift in Sources */ = {isa = PBXBuildFile; fileRef = FA8B298E29F3368800A12CE7 /* HomeContents.swift */; };
		FA8B299129F336C600A12CE7 /* HomeimageTableView.swift in Sources */ = {isa = PBXBuildFile; fileRef = FA8B299029F336C600A12CE7 /* HomeimageTableView.swift */; };
		FABFF66529FE70EC00B58948 /* RangedSliderView.swift in Sources */ = {isa = PBXBuildFile; fileRef = FABFF66429FE70EC00B58948 /* RangedSliderView.swift */; };
		FABFF66829FE88AE00B58948 /* FilterViewModel.swift in Sources */ = {isa = PBXBuildFile; fileRef = FABFF66729FE88AE00B58948 /* FilterViewModel.swift */; };
		FABFF66B29FEA3B700B58948 /* CustomListViewViewModel.swift in Sources */ = {isa = PBXBuildFile; fileRef = FABFF66A29FEA3B700B58948 /* CustomListViewViewModel.swift */; };
		FAD1293C29F31819003706AE /* FirebaseAnalytics in Frameworks */ = {isa = PBXBuildFile; productRef = FAD1293B29F31819003706AE /* FirebaseAnalytics */; };
		FAD1293E29F31819003706AE /* FirebaseAuth in Frameworks */ = {isa = PBXBuildFile; productRef = FAD1293D29F31819003706AE /* FirebaseAuth */; };
		FAD1294029F31819003706AE /* FirebaseDatabase in Frameworks */ = {isa = PBXBuildFile; productRef = FAD1293F29F31819003706AE /* FirebaseDatabase */; };
		FAD1294229F31819003706AE /* FirebaseDatabaseSwift in Frameworks */ = {isa = PBXBuildFile; productRef = FAD1294129F31819003706AE /* FirebaseDatabaseSwift */; };
		FAD1294429F31819003706AE /* FirebaseFirestore in Frameworks */ = {isa = PBXBuildFile; productRef = FAD1294329F31819003706AE /* FirebaseFirestore */; };
		FAD1294629F31819003706AE /* FirebaseFirestoreSwift in Frameworks */ = {isa = PBXBuildFile; productRef = FAD1294529F31819003706AE /* FirebaseFirestoreSwift */; };
		FAD1294829F31819003706AE /* FirebaseStorage in Frameworks */ = {isa = PBXBuildFile; productRef = FAD1294729F31819003706AE /* FirebaseStorage */; };
		FAD1294B29F31AFB003706AE /* YouTubeiOSPlayerHelper in Frameworks */ = {isa = PBXBuildFile; productRef = FAD1294A29F31AFB003706AE /* YouTubeiOSPlayerHelper */; };
		FAD1294E29F31C75003706AE /* YouTubePlayerView.swift in Sources */ = {isa = PBXBuildFile; fileRef = FAD1294D29F31C75003706AE /* YouTubePlayerView.swift */; };
		FAD29A5A29DDB1DB0009F917 /* HomeView.swift in Sources */ = {isa = PBXBuildFile; fileRef = FAD29A5929DDB1DB0009F917 /* HomeView.swift */; };
		FAD29A5C29DDB1E20009F917 /* SearchView.swift in Sources */ = {isa = PBXBuildFile; fileRef = FAD29A5B29DDB1E20009F917 /* SearchView.swift */; };
		FAD29A5E29DDB1F00009F917 /* AllMovieView.swift in Sources */ = {isa = PBXBuildFile; fileRef = FAD29A5D29DDB1F00009F917 /* AllMovieView.swift */; };
		FAD29A6029DDB1FF0009F917 /* FavoriteView.swift in Sources */ = {isa = PBXBuildFile; fileRef = FAD29A5F29DDB1FF0009F917 /* FavoriteView.swift */; };
		FAD29A6229DDB20C0009F917 /* userView.swift in Sources */ = {isa = PBXBuildFile; fileRef = FAD29A6129DDB20C0009F917 /* userView.swift */; };
		FAD5984429F6F65700C4B4D6 /* DetalPageViewModel.swift in Sources */ = {isa = PBXBuildFile; fileRef = FAD5984329F6F65700C4B4D6 /* DetalPageViewModel.swift */; };
		FAD5984829F7057E00C4B4D6 /* MovieModel.xcdatamodeld in Sources */ = {isa = PBXBuildFile; fileRef = FAD5984629F7057E00C4B4D6 /* MovieModel.xcdatamodeld */; };
		FAD5984A29F7061100C4B4D6 /* DataController.swift in Sources */ = {isa = PBXBuildFile; fileRef = FAD5984929F7061100C4B4D6 /* DataController.swift */; };
		FAD5984D29F7388200C4B4D6 /* FavoriteViewModel.swift in Sources */ = {isa = PBXBuildFile; fileRef = FAD5984C29F7388200C4B4D6 /* FavoriteViewModel.swift */; };
		FAD5985229F7393A00C4B4D6 /* UserSclorLIstView.swift in Sources */ = {isa = PBXBuildFile; fileRef = FAD5985129F7393A00C4B4D6 /* UserSclorLIstView.swift */; };
		FAD5985429F7396300C4B4D6 /* ProfilePhoto.swift in Sources */ = {isa = PBXBuildFile; fileRef = FAD5985329F7396300C4B4D6 /* ProfilePhoto.swift */; };
		FAD5985629F7533C00C4B4D6 /* Icon.swift in Sources */ = {isa = PBXBuildFile; fileRef = FAD5985529F7533C00C4B4D6 /* Icon.swift */; };
		FAD7D8DE29FA9DA800E54138 /* HistoryUpload.swift in Sources */ = {isa = PBXBuildFile; fileRef = FAD7D8DD29FA9DA800E54138 /* HistoryUpload.swift */; };
		FAD7D8E129FAB34100E54138 /* Player.swift in Sources */ = {isa = PBXBuildFile; fileRef = FAD7D8E029FAB34100E54138 /* Player.swift */; };
		FAEA02322A059B0A00AFED36 /* ProfilePageListItem.swift in Sources */ = {isa = PBXBuildFile; fileRef = FAEA02312A059B0A00AFED36 /* ProfilePageListItem.swift */; };
		FAEA02352A059B6200AFED36 /* ImagePicker.swift in Sources */ = {isa = PBXBuildFile; fileRef = FAEA02342A059B6200AFED36 /* ImagePicker.swift */; };
		FAEAD9772A0577EF0095E00E /* DestinationV_M.swift in Sources */ = {isa = PBXBuildFile; fileRef = FAEAD9762A0577EF0095E00E /* DestinationV_M.swift */; };
		FAEB5FAC2A056C9A00801795 /* GoogleSignIn in Frameworks */ = {isa = PBXBuildFile; productRef = FAEB5FAB2A056C9A00801795 /* GoogleSignIn */; };
		FAEB5FAE2A056C9A00801795 /* GoogleSignInSwift in Frameworks */ = {isa = PBXBuildFile; productRef = FAEB5FAD2A056C9A00801795 /* GoogleSignInSwift */; };
		FAEB5FB12A0572F600801795 /* Utilities.swift in Sources */ = {isa = PBXBuildFile; fileRef = FAEB5FB02A0572F600801795 /* Utilities.swift */; };
/* End PBXBuildFile section */

/* Begin PBXContainerItemProxy section */
		FA7A8A9629DCAA0C00C49FCA /* PBXContainerItemProxy */ = {
			isa = PBXContainerItemProxy;
			containerPortal = FA7A8A7D29DCAA0B00C49FCA /* Project object */;
			proxyType = 1;
			remoteGlobalIDString = FA7A8A8429DCAA0B00C49FCA;
			remoteInfo = Zenion;
		};
/* End PBXContainerItemProxy section */

/* Begin PBXFileReference section */
		FA0296B029EEE8A2003D3F2E /* AllModelView.swift */ = {isa = PBXFileReference; lastKnownFileType = sourcecode.swift; path = AllModelView.swift; sourceTree = "<group>"; };
		FA0296B229EEF3E0003D3F2E /* TabViewModel.swift */ = {isa = PBXFileReference; lastKnownFileType = sourcecode.swift; path = TabViewModel.swift; sourceTree = "<group>"; };
		FA0296B529EEF714003D3F2E /* searchViewModel.swift */ = {isa = PBXFileReference; lastKnownFileType = sourcecode.swift; path = searchViewModel.swift; sourceTree = "<group>"; };
		FA0EDC8B29F5852C0041AF89 /* MovieSerieList.swift */ = {isa = PBXFileReference; lastKnownFileType = sourcecode.swift; path = MovieSerieList.swift; sourceTree = "<group>"; };
		FA0EDC8E29F5B1980041AF89 /* VideoPLayerView.swift */ = {isa = PBXFileReference; lastKnownFileType = sourcecode.swift; path = VideoPLayerView.swift; sourceTree = "<group>"; };
		FA222E1C29F03CC8002BC088 /* UserViewModel.swift */ = {isa = PBXFileReference; lastKnownFileType = sourcecode.swift; path = UserViewModel.swift; sourceTree = "<group>"; };
		FA3E479C29EABE7300D1A93C /* FirebaseDatabaseInfo.swift */ = {isa = PBXFileReference; lastKnownFileType = sourcecode.swift; path = FirebaseDatabaseInfo.swift; sourceTree = "<group>"; };
		FA3E479E29EADF1C00D1A93C /* HomeModelView.swift */ = {isa = PBXFileReference; lastKnownFileType = sourcecode.swift; path = HomeModelView.swift; sourceTree = "<group>"; };
		FA46CF1529F850AE007B8F4B /* Uploadfavorite.swift */ = {isa = PBXFileReference; lastKnownFileType = sourcecode.swift; path = Uploadfavorite.swift; sourceTree = "<group>"; };
		FA487CE129E4706200FC332C /* Info.swift */ = {isa = PBXFileReference; lastKnownFileType = sourcecode.swift; path = Info.swift; sourceTree = "<group>"; };
		FA487CE529E4793C00FC332C /* DestinationStart.swift */ = {isa = PBXFileReference; lastKnownFileType = sourcecode.swift; path = DestinationStart.swift; sourceTree = "<group>"; };
		FA487CE729E47A0C00FC332C /* LaunchScreen.swift */ = {isa = PBXFileReference; lastKnownFileType = sourcecode.swift; path = LaunchScreen.swift; sourceTree = "<group>"; };
		FA4C00E02A019350001CDC1B /* ProfilePageViewModel.swift */ = {isa = PBXFileReference; lastKnownFileType = sourcecode.swift; path = ProfilePageViewModel.swift; sourceTree = "<group>"; };
		FA4C0E1929DCDD2B00D035C6 /* ResetPasswordView.swift */ = {isa = PBXFileReference; lastKnownFileType = sourcecode.swift; path = ResetPasswordView.swift; sourceTree = "<group>"; };
		FA4C0E1E29DCE29800D035C6 /* CreatAccountView.swift */ = {isa = PBXFileReference; lastKnownFileType = sourcecode.swift; path = CreatAccountView.swift; sourceTree = "<group>"; };
		FA4C0E2029DCE53700D035C6 /* Colors.xcassets */ = {isa = PBXFileReference; lastKnownFileType = folder.assetcatalog; path = Colors.xcassets; sourceTree = "<group>"; };
		FA4F395D29FD9B1E00B7CF0A /* FilterPageView.swift */ = {isa = PBXFileReference; lastKnownFileType = sourcecode.swift; path = FilterPageView.swift; sourceTree = "<group>"; };
		FA57CDDB2A0036C600814CFD /* ProfilePageView.swift */ = {isa = PBXFileReference; lastKnownFileType = sourcecode.swift; path = ProfilePageView.swift; sourceTree = "<group>"; };
		FA5EC59429F2FB1400751923 /* DetalPageView.swift */ = {isa = PBXFileReference; lastKnownFileType = sourcecode.swift; path = DetalPageView.swift; sourceTree = "<group>"; };
		FA5EC59829F30DCF00751923 /* DescriptionView.swift */ = {isa = PBXFileReference; lastKnownFileType = sourcecode.swift; path = DescriptionView.swift; sourceTree = "<group>"; };
		FA6585E029DDB8E60057D70C /* TabBarView.swift */ = {isa = PBXFileReference; lastKnownFileType = sourcecode.swift; path = TabBarView.swift; sourceTree = "<group>"; };
		FA6A7A4E29E1C38E00A549D1 /* CustomListView.swift */ = {isa = PBXFileReference; lastKnownFileType = sourcecode.swift; path = CustomListView.swift; sourceTree = "<group>"; };
		FA772E8529E6AF6400964048 /* ActivityIndicator.swift */ = {isa = PBXFileReference; lastKnownFileType = sourcecode.swift; path = ActivityIndicator.swift; sourceTree = "<group>"; };
		FA772E8729E6BF9F00964048 /* GoogleService-Info.plist */ = {isa = PBXFileReference; fileEncoding = 4; lastKnownFileType = text.plist.xml; path = "GoogleService-Info.plist"; sourceTree = "<group>"; };
		FA772E9829E6C07700964048 /* SignInViewModel.swift */ = {isa = PBXFileReference; lastKnownFileType = sourcecode.swift; path = SignInViewModel.swift; sourceTree = "<group>"; };
		FA772E9B29E6DCE900964048 /* ResetPasswordModelView.swift */ = {isa = PBXFileReference; lastKnownFileType = sourcecode.swift; path = ResetPasswordModelView.swift; sourceTree = "<group>"; };
		FA772E9F29E6E2F800964048 /* CustomButton.swift */ = {isa = PBXFileReference; lastKnownFileType = sourcecode.swift; path = CustomButton.swift; sourceTree = "<group>"; };
		FA772EA229E6EA0800964048 /* PrivacypPolicyView.swift */ = {isa = PBXFileReference; lastKnownFileType = sourcecode.swift; path = PrivacypPolicyView.swift; sourceTree = "<group>"; };
		FA772EA629E6EC2200964048 /* RegisterModelView.swift */ = {isa = PBXFileReference; lastKnownFileType = sourcecode.swift; path = RegisterModelView.swift; sourceTree = "<group>"; };
		FA77B8E229F0109000B8317C /* PhotoUploader.swift */ = {isa = PBXFileReference; lastKnownFileType = sourcecode.swift; path = PhotoUploader.swift; sourceTree = "<group>"; };
		FA7A8A8529DCAA0B00C49FCA /* Zenion.app */ = {isa = PBXFileReference; explicitFileType = wrapper.application; includeInIndex = 0; path = Zenion.app; sourceTree = BUILT_PRODUCTS_DIR; };
		FA7A8A8829DCAA0B00C49FCA /* ZenionApp.swift */ = {isa = PBXFileReference; lastKnownFileType = sourcecode.swift; path = ZenionApp.swift; sourceTree = "<group>"; };
		FA7A8A8C29DCAA0C00C49FCA /* Assets.xcassets */ = {isa = PBXFileReference; lastKnownFileType = folder.assetcatalog; path = Assets.xcassets; sourceTree = "<group>"; };
		FA7A8A8F29DCAA0C00C49FCA /* Preview Assets.xcassets */ = {isa = PBXFileReference; lastKnownFileType = folder.assetcatalog; path = "Preview Assets.xcassets"; sourceTree = "<group>"; };
		FA7A8A9529DCAA0C00C49FCA /* ZenionTests.xctest */ = {isa = PBXFileReference; explicitFileType = wrapper.cfbundle; includeInIndex = 0; path = ZenionTests.xctest; sourceTree = BUILT_PRODUCTS_DIR; };
		FA7A8A9929DCAA0C00C49FCA /* ZenionTests.swift */ = {isa = PBXFileReference; lastKnownFileType = sourcecode.swift; path = ZenionTests.swift; sourceTree = "<group>"; };
		FA7A8AA329DCAA0C00C49FCA /* ZenionUITests.swift */ = {isa = PBXFileReference; lastKnownFileType = sourcecode.swift; path = ZenionUITests.swift; sourceTree = "<group>"; };
		FA7A8AA529DCAA0C00C49FCA /* ZenionUITestsLaunchTests.swift */ = {isa = PBXFileReference; lastKnownFileType = sourcecode.swift; path = ZenionUITestsLaunchTests.swift; sourceTree = "<group>"; };
		FA7AEC9D29DCC81B00DC1ED8 /* SiginWithPasswordView.swift */ = {isa = PBXFileReference; lastKnownFileType = sourcecode.swift; path = SiginWithPasswordView.swift; sourceTree = "<group>"; };
		FA7AECA529DCDAEF00DC1ED8 /* CustomRegisterButtom.swift */ = {isa = PBXFileReference; lastKnownFileType = sourcecode.swift; path = CustomRegisterButtom.swift; sourceTree = "<group>"; };
		FA8B298E29F3368800A12CE7 /* HomeContents.swift */ = {isa = PBXFileReference; lastKnownFileType = sourcecode.swift; path = HomeContents.swift; sourceTree = "<group>"; };
		FA8B299029F336C600A12CE7 /* HomeimageTableView.swift */ = {isa = PBXFileReference; lastKnownFileType = sourcecode.swift; path = HomeimageTableView.swift; sourceTree = "<group>"; };
		FABFF66429FE70EC00B58948 /* RangedSliderView.swift */ = {isa = PBXFileReference; lastKnownFileType = sourcecode.swift; path = RangedSliderView.swift; sourceTree = "<group>"; };
		FABFF66729FE88AE00B58948 /* FilterViewModel.swift */ = {isa = PBXFileReference; lastKnownFileType = sourcecode.swift; path = FilterViewModel.swift; sourceTree = "<group>"; };
		FABFF66A29FEA3B700B58948 /* CustomListViewViewModel.swift */ = {isa = PBXFileReference; lastKnownFileType = sourcecode.swift; path = CustomListViewViewModel.swift; sourceTree = "<group>"; };
		FAD1294D29F31C75003706AE /* YouTubePlayerView.swift */ = {isa = PBXFileReference; lastKnownFileType = sourcecode.swift; path = YouTubePlayerView.swift; sourceTree = "<group>"; };
		FAD29A5929DDB1DB0009F917 /* HomeView.swift */ = {isa = PBXFileReference; lastKnownFileType = sourcecode.swift; path = HomeView.swift; sourceTree = "<group>"; };
		FAD29A5B29DDB1E20009F917 /* SearchView.swift */ = {isa = PBXFileReference; lastKnownFileType = sourcecode.swift; path = SearchView.swift; sourceTree = "<group>"; };
		FAD29A5D29DDB1F00009F917 /* AllMovieView.swift */ = {isa = PBXFileReference; lastKnownFileType = sourcecode.swift; path = AllMovieView.swift; sourceTree = "<group>"; };
		FAD29A5F29DDB1FF0009F917 /* FavoriteView.swift */ = {isa = PBXFileReference; lastKnownFileType = sourcecode.swift; path = FavoriteView.swift; sourceTree = "<group>"; };
		FAD29A6129DDB20C0009F917 /* userView.swift */ = {isa = PBXFileReference; lastKnownFileType = sourcecode.swift; path = userView.swift; sourceTree = "<group>"; };
		FAD5984329F6F65700C4B4D6 /* DetalPageViewModel.swift */ = {isa = PBXFileReference; lastKnownFileType = sourcecode.swift; path = DetalPageViewModel.swift; sourceTree = "<group>"; };
		FAD5984729F7057E00C4B4D6 /* MovieModel.xcdatamodel */ = {isa = PBXFileReference; lastKnownFileType = wrapper.xcdatamodel; path = MovieModel.xcdatamodel; sourceTree = "<group>"; };
		FAD5984929F7061100C4B4D6 /* DataController.swift */ = {isa = PBXFileReference; lastKnownFileType = sourcecode.swift; path = DataController.swift; sourceTree = "<group>"; };
		FAD5984C29F7388200C4B4D6 /* FavoriteViewModel.swift */ = {isa = PBXFileReference; lastKnownFileType = sourcecode.swift; path = FavoriteViewModel.swift; sourceTree = "<group>"; };
		FAD5985129F7393A00C4B4D6 /* UserSclorLIstView.swift */ = {isa = PBXFileReference; lastKnownFileType = sourcecode.swift; path = UserSclorLIstView.swift; sourceTree = "<group>"; };
		FAD5985329F7396300C4B4D6 /* ProfilePhoto.swift */ = {isa = PBXFileReference; lastKnownFileType = sourcecode.swift; path = ProfilePhoto.swift; sourceTree = "<group>"; };
		FAD5985529F7533C00C4B4D6 /* Icon.swift */ = {isa = PBXFileReference; lastKnownFileType = sourcecode.swift; path = Icon.swift; sourceTree = "<group>"; };
		FAD7D8DD29FA9DA800E54138 /* HistoryUpload.swift */ = {isa = PBXFileReference; lastKnownFileType = sourcecode.swift; path = HistoryUpload.swift; sourceTree = "<group>"; };
		FAD7D8E029FAB34100E54138 /* Player.swift */ = {isa = PBXFileReference; lastKnownFileType = sourcecode.swift; path = Player.swift; sourceTree = "<group>"; };
		FAEA022E2A05901900AFED36 /* ZenionDebug.entitlements */ = {isa = PBXFileReference; lastKnownFileType = text.plist.entitlements; path = ZenionDebug.entitlements; sourceTree = "<group>"; };
		FAEA02312A059B0A00AFED36 /* ProfilePageListItem.swift */ = {isa = PBXFileReference; lastKnownFileType = sourcecode.swift; path = ProfilePageListItem.swift; sourceTree = "<group>"; };
		FAEA02342A059B6200AFED36 /* ImagePicker.swift */ = {isa = PBXFileReference; lastKnownFileType = sourcecode.swift; path = ImagePicker.swift; sourceTree = "<group>"; };
		FAEAD9762A0577EF0095E00E /* DestinationV_M.swift */ = {isa = PBXFileReference; lastKnownFileType = sourcecode.swift; path = DestinationV_M.swift; sourceTree = "<group>"; };
		FAEB5FA92A056B8500801795 /* Info.plist */ = {isa = PBXFileReference; lastKnownFileType = text.plist; path = Info.plist; sourceTree = "<group>"; };
		FAEB5FB02A0572F600801795 /* Utilities.swift */ = {isa = PBXFileReference; lastKnownFileType = sourcecode.swift; path = Utilities.swift; sourceTree = "<group>"; };
/* End PBXFileReference section */

/* Begin PBXFrameworksBuildPhase section */
		FA7A8A8229DCAA0B00C49FCA /* Frameworks */ = {
			isa = PBXFrameworksBuildPhase;
			buildActionMask = 2147483647;
			files = (
				FAD1294229F31819003706AE /* FirebaseDatabaseSwift in Frameworks */,
				FAD1294029F31819003706AE /* FirebaseDatabase in Frameworks */,
				FAD1294829F31819003706AE /* FirebaseStorage in Frameworks */,
				FA21E68C29EDD34D0081285B /* Kingfisher in Frameworks */,
				FAD1293C29F31819003706AE /* FirebaseAnalytics in Frameworks */,
				FAEB5FAC2A056C9A00801795 /* GoogleSignIn in Frameworks */,
				FAD1293E29F31819003706AE /* FirebaseAuth in Frameworks */,
				FAD1294429F31819003706AE /* FirebaseFirestore in Frameworks */,
				FAD1294629F31819003706AE /* FirebaseFirestoreSwift in Frameworks */,
				FAD1294B29F31AFB003706AE /* YouTubeiOSPlayerHelper in Frameworks */,
				FAEB5FAE2A056C9A00801795 /* GoogleSignInSwift in Frameworks */,
			);
			runOnlyForDeploymentPostprocessing = 0;
		};
		FA7A8A9229DCAA0C00C49FCA /* Frameworks */ = {
			isa = PBXFrameworksBuildPhase;
			buildActionMask = 2147483647;
			files = (
			);
			runOnlyForDeploymentPostprocessing = 0;
		};
/* End PBXFrameworksBuildPhase section */

/* Begin PBXGroup section */
		FA0296AF29EEE891003D3F2E /* allModelView */ = {
			isa = PBXGroup;
			children = (
				FA0296B029EEE8A2003D3F2E /* AllModelView.swift */,
			);
			path = allModelView;
			sourceTree = "<group>";
		};
		FA0296B429EEF597003D3F2E /* viewmodel */ = {
			isa = PBXGroup;
			children = (
				FA0296B229EEF3E0003D3F2E /* TabViewModel.swift */,
			);
			path = viewmodel;
			sourceTree = "<group>";
		};
		FA0296B729EF019B003D3F2E /* SarchViewModel */ = {
			isa = PBXGroup;
			children = (
				FA0296B529EEF714003D3F2E /* searchViewModel.swift */,
			);
			path = SarchViewModel;
			sourceTree = "<group>";
		};
		FA0EDC8A29F585170041AF89 /* SeriesList */ = {
			isa = PBXGroup;
			children = (
				FA0EDC8B29F5852C0041AF89 /* MovieSerieList.swift */,
			);
			path = SeriesList;
			sourceTree = "<group>";
		};
		FA0EDC8D29F5B17E0041AF89 /* VideoPLayer */ = {
			isa = PBXGroup;
			children = (
				FA0EDC8E29F5B1980041AF89 /* VideoPLayerView.swift */,
			);
			path = VideoPLayer;
			sourceTree = "<group>";
		};
		FA222E1B29F03CB6002BC088 /* userviewModel */ = {
			isa = PBXGroup;
			children = (
				FA222E1C29F03CC8002BC088 /* UserViewModel.swift */,
			);
			path = userviewModel;
			sourceTree = "<group>";
		};
		FA3E479B29EABE5A00D1A93C /* Networking */ = {
			isa = PBXGroup;
			children = (
				FAD7D8DC29FA9D9300E54138 /* HistoryUpload */,
				FA46CF1329F8508E007B8F4B /* UploadFavorite */,
				FA77B8E429F010CF00B8317C /* MovieImort */,
				FA77B8E129F0108300B8317C /* PhotoUpload */,
			);
			path = Networking;
			sourceTree = "<group>";
		};
		FA3E47A029EADF2300D1A93C /* HomeModel */ = {
			isa = PBXGroup;
			children = (
				FA3E479E29EADF1C00D1A93C /* HomeModelView.swift */,
			);
			path = HomeModel;
			sourceTree = "<group>";
		};
		FA46CF1329F8508E007B8F4B /* UploadFavorite */ = {
			isa = PBXGroup;
			children = (
				FA46CF1529F850AE007B8F4B /* Uploadfavorite.swift */,
			);
			path = UploadFavorite;
			sourceTree = "<group>";
		};
		FA487CE329E470A100FC332C /* InformationType */ = {
			isa = PBXGroup;
			children = (
				FA487CE129E4706200FC332C /* Info.swift */,
			);
			path = InformationType;
			sourceTree = "<group>";
		};
		FA487CE429E4792000FC332C /* DestinationStart */ = {
			isa = PBXGroup;
			children = (
				FA487CE529E4793C00FC332C /* DestinationStart.swift */,
				FAEA022F2A05925400AFED36 /* DestionationV_M */,
			);
			path = DestinationStart;
			sourceTree = "<group>";
		};
		FA4C00DF2A01931B001CDC1B /* ProfilePageViewModel */ = {
			isa = PBXGroup;
			children = (
				FA4C00E02A019350001CDC1B /* ProfilePageViewModel.swift */,
			);
			path = ProfilePageViewModel;
			sourceTree = "<group>";
		};
		FA4C0E1829DCDD1600D035C6 /* ResetPassword */ = {
			isa = PBXGroup;
			children = (
				FA4C0E1929DCDD2B00D035C6 /* ResetPasswordView.swift */,
				FA772E9D29E6DCF000964048 /* ModelView */,
			);
			path = ResetPassword;
			sourceTree = "<group>";
		};
		FA4C0E1B29DCE27600D035C6 /* Register */ = {
			isa = PBXGroup;
			children = (
				FA4C0E1E29DCE29800D035C6 /* CreatAccountView.swift */,
				FA772EA529E6EC1000964048 /* RegisterModelView */,
			);
			path = Register;
			sourceTree = "<group>";
		};
		FA4F395C29FD9B0700B7CF0A /* Filterpage */ = {
			isa = PBXGroup;
			children = (
				FA4F395D29FD9B1E00B7CF0A /* FilterPageView.swift */,
				FABFF66629FE882100B58948 /* Filerviewmodel */,
			);
			path = Filterpage;
			sourceTree = "<group>";
		};
		FA57CDD92A0036AE00814CFD /* ProfilePage */ = {
			isa = PBXGroup;
			children = (
				FA57CDDB2A0036C600814CFD /* ProfilePageView.swift */,
				FA4C00DF2A01931B001CDC1B /* ProfilePageViewModel */,
			);
			path = ProfilePage;
			sourceTree = "<group>";
		};
		FA5EC59029F2FADB00751923 /* ChildPages */ = {
			isa = PBXGroup;
			children = (
				FA57CDD92A0036AE00814CFD /* ProfilePage */,
				FA0EDC8D29F5B17E0041AF89 /* VideoPLayer */,
				FA5EC59129F2FAEA00751923 /* DetalPage */,
			);
			path = ChildPages;
			sourceTree = "<group>";
		};
		FA5EC59129F2FAEA00751923 /* DetalPage */ = {
			isa = PBXGroup;
			children = (
				FA5EC59429F2FB1400751923 /* DetalPageView.swift */,
				FAD5984229F6F63900C4B4D6 /* DetalPageViewModel */,
			);
			path = DetalPage;
			sourceTree = "<group>";
		};
		FA5EC59629F30DB100751923 /* ForDetalPage */ = {
			isa = PBXGroup;
			children = (
				FA5EC59829F30DCF00751923 /* DescriptionView.swift */,
				FAD5985529F7533C00C4B4D6 /* Icon.swift */,
			);
			path = ForDetalPage;
			sourceTree = "<group>";
		};
		FA6585E229DDC4760057D70C /* TabBar */ = {
			isa = PBXGroup;
			children = (
				FA6585E029DDB8E60057D70C /* TabBarView.swift */,
				FA0296B429EEF597003D3F2E /* viewmodel */,
			);
			path = TabBar;
			sourceTree = "<group>";
		};
		FA6A7A4A29E1C35C00A549D1 /* button */ = {
			isa = PBXGroup;
			children = (
				FA7AECA529DCDAEF00DC1ED8 /* CustomRegisterButtom.swift */,
				FA772E9F29E6E2F800964048 /* CustomButton.swift */,
			);
			path = button;
			sourceTree = "<group>";
		};
		FA6A7A4B29E1C36C00A549D1 /* CustomList */ = {
			isa = PBXGroup;
			children = (
				FABFF66929FEA3AA00B58948 /* CustomListViewViewModel */,
				FA6A7A4E29E1C38E00A549D1 /* CustomListView.swift */,
			);
			path = CustomList;
			sourceTree = "<group>";
		};
		FA772E8429E6AF5C00964048 /* ActivityIndicator */ = {
			isa = PBXGroup;
			children = (
				FA772E8529E6AF6400964048 /* ActivityIndicator.swift */,
			);
			path = ActivityIndicator;
			sourceTree = "<group>";
		};
		FA772E9A29E6DC8400964048 /* ModelView */ = {
			isa = PBXGroup;
			children = (
				FA772E9829E6C07700964048 /* SignInViewModel.swift */,
			);
			path = ModelView;
			sourceTree = "<group>";
		};
		FA772E9D29E6DCF000964048 /* ModelView */ = {
			isa = PBXGroup;
			children = (
				FA772E9B29E6DCE900964048 /* ResetPasswordModelView.swift */,
			);
			path = ModelView;
			sourceTree = "<group>";
		};
		FA772EA129E6E9FD00964048 /* privacy policy */ = {
			isa = PBXGroup;
			children = (
				FA772EA229E6EA0800964048 /* PrivacypPolicyView.swift */,
			);
			path = "privacy policy";
			sourceTree = "<group>";
		};
		FA772EA529E6EC1000964048 /* RegisterModelView */ = {
			isa = PBXGroup;
			children = (
				FA772EA629E6EC2200964048 /* RegisterModelView.swift */,
			);
			path = RegisterModelView;
			sourceTree = "<group>";
		};
		FA77B8E129F0108300B8317C /* PhotoUpload */ = {
			isa = PBXGroup;
			children = (
				FA77B8E229F0109000B8317C /* PhotoUploader.swift */,
			);
			path = PhotoUpload;
			sourceTree = "<group>";
		};
		FA77B8E429F010CF00B8317C /* MovieImort */ = {
			isa = PBXGroup;
			children = (
				FA3E479C29EABE7300D1A93C /* FirebaseDatabaseInfo.swift */,
			);
			path = MovieImort;
			sourceTree = "<group>";
		};
		FA7A8A7C29DCAA0B00C49FCA = {
			isa = PBXGroup;
			children = (
				FA7A8A8729DCAA0B00C49FCA /* Zenion */,
				FA7A8A9829DCAA0C00C49FCA /* ZenionTests */,
				FA7A8AA229DCAA0C00C49FCA /* ZenionUITests */,
				FA7A8A8629DCAA0B00C49FCA /* Products */,
			);
			sourceTree = "<group>";
		};
		FA7A8A8629DCAA0B00C49FCA /* Products */ = {
			isa = PBXGroup;
			children = (
				FA7A8A8529DCAA0B00C49FCA /* Zenion.app */,
				FA7A8A9529DCAA0C00C49FCA /* ZenionTests.xctest */,
			);
			name = Products;
			sourceTree = "<group>";
		};
		FA7A8A8729DCAA0B00C49FCA /* Zenion */ = {
			isa = PBXGroup;
			children = (
				FAEB5FA92A056B8500801795 /* Info.plist */,
				FAEA022E2A05901900AFED36 /* ZenionDebug.entitlements */,
				FA7A8AB229DCAA1C00C49FCA /* Application */,
				FAEB5FAF2A0572E400801795 /* Utilities */,
				FAD5984529F7056000C4B4D6 /* DataModel */,
				FA3E479B29EABE5A00D1A93C /* Networking */,
				FA487CE329E470A100FC332C /* InformationType */,
				FA7AECA429DCDADC00DC1ED8 /* CustomElement */,
				FA7A8AB329DCAA3800C49FCA /* Presentation */,
				FA7A8A8C29DCAA0C00C49FCA /* Assets.xcassets */,
				FA4C0E2029DCE53700D035C6 /* Colors.xcassets */,
				FA772E8729E6BF9F00964048 /* GoogleService-Info.plist */,
				FA7A8A8E29DCAA0C00C49FCA /* Preview Content */,
			);
			path = Zenion;
			sourceTree = "<group>";
		};
		FA7A8A8E29DCAA0C00C49FCA /* Preview Content */ = {
			isa = PBXGroup;
			children = (
				FA7A8A8F29DCAA0C00C49FCA /* Preview Assets.xcassets */,
			);
			path = "Preview Content";
			sourceTree = "<group>";
		};
		FA7A8A9829DCAA0C00C49FCA /* ZenionTests */ = {
			isa = PBXGroup;
			children = (
				FA7A8A9929DCAA0C00C49FCA /* ZenionTests.swift */,
			);
			path = ZenionTests;
			sourceTree = "<group>";
		};
		FA7A8AA229DCAA0C00C49FCA /* ZenionUITests */ = {
			isa = PBXGroup;
			children = (
				FA7A8AA329DCAA0C00C49FCA /* ZenionUITests.swift */,
				FA7A8AA529DCAA0C00C49FCA /* ZenionUITestsLaunchTests.swift */,
			);
			path = ZenionUITests;
			sourceTree = "<group>";
		};
		FA7A8AB229DCAA1C00C49FCA /* Application */ = {
			isa = PBXGroup;
			children = (
				FA7A8A8829DCAA0B00C49FCA /* ZenionApp.swift */,
			);
			path = Application;
			sourceTree = "<group>";
		};
		FA7A8AB329DCAA3800C49FCA /* Presentation */ = {
			isa = PBXGroup;
			children = (
				FA5EC59029F2FADB00751923 /* ChildPages */,
				FAD29A5329DDB1970009F917 /* MainScenes */,
				FAD29A5229DDA8DB0009F917 /* Sigin&Register */,
				FA7AEC9A29DCC74100DC1ED8 /* LaunchScreen */,
			);
			path = Presentation;
			sourceTree = "<group>";
		};
		FA7AEC9A29DCC74100DC1ED8 /* LaunchScreen */ = {
			isa = PBXGroup;
			children = (
				FA487CE729E47A0C00FC332C /* LaunchScreen.swift */,
			);
			path = LaunchScreen;
			sourceTree = "<group>";
		};
		FA7AEC9F29DCC82000DC1ED8 /* SIginWithPassword */ = {
			isa = PBXGroup;
			children = (
				FA7AEC9D29DCC81B00DC1ED8 /* SiginWithPasswordView.swift */,
				FA772E9A29E6DC8400964048 /* ModelView */,
			);
			path = SIginWithPassword;
			sourceTree = "<group>";
		};
		FA7AECA429DCDADC00DC1ED8 /* CustomElement */ = {
			isa = PBXGroup;
			children = (
				FAEA02332A059B5000AFED36 /* ImagePicker */,
				FA5EC59629F30DB100751923 /* ForDetalPage */,
				FAD5984E29F7391700C4B4D6 /* ForUserPage */,
				FAEA02302A059AFB00AFED36 /* ForProfilePage */,
				FABFF66329FE70E600B58948 /* RangedSliderView */,
				FAD7D8DF29FAB32600E54138 /* VideoPLayer */,
				FA0EDC8A29F585170041AF89 /* SeriesList */,
				FA8B298D29F3367B00A12CE7 /* HomeList */,
				FAD1294C29F31C5C003706AE /* YoutubePlayer */,
				FA772EA129E6E9FD00964048 /* privacy policy */,
				FA772E8429E6AF5C00964048 /* ActivityIndicator */,
				FA4F395C29FD9B0700B7CF0A /* Filterpage */,
				FA6A7A4B29E1C36C00A549D1 /* CustomList */,
				FA6A7A4A29E1C35C00A549D1 /* button */,
			);
			path = CustomElement;
			sourceTree = "<group>";
		};
		FA8B298D29F3367B00A12CE7 /* HomeList */ = {
			isa = PBXGroup;
			children = (
				FA8B298E29F3368800A12CE7 /* HomeContents.swift */,
				FA8B299029F336C600A12CE7 /* HomeimageTableView.swift */,
			);
			path = HomeList;
			sourceTree = "<group>";
		};
		FABFF66329FE70E600B58948 /* RangedSliderView */ = {
			isa = PBXGroup;
			children = (
				FABFF66429FE70EC00B58948 /* RangedSliderView.swift */,
			);
			path = RangedSliderView;
			sourceTree = "<group>";
		};
		FABFF66629FE882100B58948 /* Filerviewmodel */ = {
			isa = PBXGroup;
			children = (
				FABFF66729FE88AE00B58948 /* FilterViewModel.swift */,
			);
			path = Filerviewmodel;
			sourceTree = "<group>";
		};
		FABFF66929FEA3AA00B58948 /* CustomListViewViewModel */ = {
			isa = PBXGroup;
			children = (
				FABFF66A29FEA3B700B58948 /* CustomListViewViewModel.swift */,
			);
			path = CustomListViewViewModel;
			sourceTree = "<group>";
		};
		FAD1294C29F31C5C003706AE /* YoutubePlayer */ = {
			isa = PBXGroup;
			children = (
				FAD1294D29F31C75003706AE /* YouTubePlayerView.swift */,
			);
			path = YoutubePlayer;
			sourceTree = "<group>";
		};
		FAD29A5229DDA8DB0009F917 /* Sigin&Register */ = {
			isa = PBXGroup;
			children = (
				FA4C0E1829DCDD1600D035C6 /* ResetPassword */,
				FA4C0E1B29DCE27600D035C6 /* Register */,
				FA7AEC9F29DCC82000DC1ED8 /* SIginWithPassword */,
				FA487CE429E4792000FC332C /* DestinationStart */,
			);
			path = "Sigin&Register";
			sourceTree = "<group>";
		};
		FAD29A5329DDB1970009F917 /* MainScenes */ = {
			isa = PBXGroup;
			children = (
				FAD29A5829DDB1CB0009F917 /* User */,
				FAD29A5729DDB1C30009F917 /* Favorite */,
				FAD29A5629DDB1B40009F917 /* All Movie */,
				FAD29A5529DDB1AC0009F917 /* Search */,
				FAD29A5429DDB1A10009F917 /* Home */,
				FA6585E229DDC4760057D70C /* TabBar */,
			);
			path = MainScenes;
			sourceTree = "<group>";
		};
		FAD29A5429DDB1A10009F917 /* Home */ = {
			isa = PBXGroup;
			children = (
				FAD29A5929DDB1DB0009F917 /* HomeView.swift */,
				FA3E47A029EADF2300D1A93C /* HomeModel */,
			);
			path = Home;
			sourceTree = "<group>";
		};
		FAD29A5529DDB1AC0009F917 /* Search */ = {
			isa = PBXGroup;
			children = (
				FAD29A5B29DDB1E20009F917 /* SearchView.swift */,
				FA0296B729EF019B003D3F2E /* SarchViewModel */,
			);
			path = Search;
			sourceTree = "<group>";
		};
		FAD29A5629DDB1B40009F917 /* All Movie */ = {
			isa = PBXGroup;
			children = (
				FAD29A5D29DDB1F00009F917 /* AllMovieView.swift */,
				FA0296AF29EEE891003D3F2E /* allModelView */,
			);
			path = "All Movie";
			sourceTree = "<group>";
		};
		FAD29A5729DDB1C30009F917 /* Favorite */ = {
			isa = PBXGroup;
			children = (
				FAD29A5F29DDB1FF0009F917 /* FavoriteView.swift */,
				FAD5984B29F7385700C4B4D6 /* FavoriteViewModel */,
			);
			path = Favorite;
			sourceTree = "<group>";
		};
		FAD29A5829DDB1CB0009F917 /* User */ = {
			isa = PBXGroup;
			children = (
				FAD29A6129DDB20C0009F917 /* userView.swift */,
				FA222E1B29F03CB6002BC088 /* userviewModel */,
			);
			path = User;
			sourceTree = "<group>";
		};
		FAD5984229F6F63900C4B4D6 /* DetalPageViewModel */ = {
			isa = PBXGroup;
			children = (
				FAD5984329F6F65700C4B4D6 /* DetalPageViewModel.swift */,
			);
			path = DetalPageViewModel;
			sourceTree = "<group>";
		};
		FAD5984529F7056000C4B4D6 /* DataModel */ = {
			isa = PBXGroup;
			children = (
				FAD5984629F7057E00C4B4D6 /* MovieModel.xcdatamodeld */,
				FAD5984929F7061100C4B4D6 /* DataController.swift */,
			);
			path = DataModel;
			sourceTree = "<group>";
		};
		FAD5984B29F7385700C4B4D6 /* FavoriteViewModel */ = {
			isa = PBXGroup;
			children = (
				FAD5984C29F7388200C4B4D6 /* FavoriteViewModel.swift */,
			);
			path = FavoriteViewModel;
			sourceTree = "<group>";
		};
		FAD5984E29F7391700C4B4D6 /* ForUserPage */ = {
			isa = PBXGroup;
			children = (
				FAD5985129F7393A00C4B4D6 /* UserSclorLIstView.swift */,
				FAD5985329F7396300C4B4D6 /* ProfilePhoto.swift */,
			);
			path = ForUserPage;
			sourceTree = "<group>";
		};
		FAD7D8DC29FA9D9300E54138 /* HistoryUpload */ = {
			isa = PBXGroup;
			children = (
				FAD7D8DD29FA9DA800E54138 /* HistoryUpload.swift */,
			);
			path = HistoryUpload;
			sourceTree = "<group>";
		};
		FAD7D8DF29FAB32600E54138 /* VideoPLayer */ = {
			isa = PBXGroup;
			children = (
				FAD7D8E029FAB34100E54138 /* Player.swift */,
			);
			path = VideoPLayer;
			sourceTree = "<group>";
		};
		FAEA022F2A05925400AFED36 /* DestionationV_M */ = {
			isa = PBXGroup;
			children = (
				FAEAD9762A0577EF0095E00E /* DestinationV_M.swift */,
			);
			path = DestionationV_M;
			sourceTree = "<group>";
		};
		FAEA02302A059AFB00AFED36 /* ForProfilePage */ = {
			isa = PBXGroup;
			children = (
				FAEA02312A059B0A00AFED36 /* ProfilePageListItem.swift */,
			);
			path = ForProfilePage;
			sourceTree = "<group>";
		};
		FAEA02332A059B5000AFED36 /* ImagePicker */ = {
			isa = PBXGroup;
			children = (
				FAEA02342A059B6200AFED36 /* ImagePicker.swift */,
			);
			path = ImagePicker;
			sourceTree = "<group>";
		};
		FAEB5FAF2A0572E400801795 /* Utilities */ = {
			isa = PBXGroup;
			children = (
				FAEB5FB02A0572F600801795 /* Utilities.swift */,
			);
			path = Utilities;
			sourceTree = "<group>";
		};
/* End PBXGroup section */

/* Begin PBXNativeTarget section */
		FA7A8A8429DCAA0B00C49FCA /* Zenion */ = {
			isa = PBXNativeTarget;
			buildConfigurationList = FA7A8AA929DCAA0C00C49FCA /* Build configuration list for PBXNativeTarget "Zenion" */;
			buildPhases = (
				FA7A8A8129DCAA0B00C49FCA /* Sources */,
				FA7A8A8229DCAA0B00C49FCA /* Frameworks */,
				FA7A8A8329DCAA0B00C49FCA /* Resources */,
			);
			buildRules = (
			);
			dependencies = (
			);
			name = Zenion;
			packageProductDependencies = (
				FA21E68B29EDD34D0081285B /* Kingfisher */,
				FAD1293B29F31819003706AE /* FirebaseAnalytics */,
				FAD1293D29F31819003706AE /* FirebaseAuth */,
				FAD1293F29F31819003706AE /* FirebaseDatabase */,
				FAD1294129F31819003706AE /* FirebaseDatabaseSwift */,
				FAD1294329F31819003706AE /* FirebaseFirestore */,
				FAD1294529F31819003706AE /* FirebaseFirestoreSwift */,
				FAD1294729F31819003706AE /* FirebaseStorage */,
				FAD1294A29F31AFB003706AE /* YouTubeiOSPlayerHelper */,
				FAEB5FAB2A056C9A00801795 /* GoogleSignIn */,
				FAEB5FAD2A056C9A00801795 /* GoogleSignInSwift */,
			);
			productName = Zenion;
			productReference = FA7A8A8529DCAA0B00C49FCA /* Zenion.app */;
			productType = "com.apple.product-type.application";
		};
		FA7A8A9429DCAA0C00C49FCA /* ZenionTests */ = {
			isa = PBXNativeTarget;
			buildConfigurationList = FA7A8AAC29DCAA0C00C49FCA /* Build configuration list for PBXNativeTarget "ZenionTests" */;
			buildPhases = (
				FA7A8A9129DCAA0C00C49FCA /* Sources */,
				FA7A8A9229DCAA0C00C49FCA /* Frameworks */,
				FA7A8A9329DCAA0C00C49FCA /* Resources */,
			);
			buildRules = (
			);
			dependencies = (
				FA7A8A9729DCAA0C00C49FCA /* PBXTargetDependency */,
			);
			name = ZenionTests;
			productName = ZenionTests;
			productReference = FA7A8A9529DCAA0C00C49FCA /* ZenionTests.xctest */;
			productType = "com.apple.product-type.bundle.unit-test";
		};
/* End PBXNativeTarget section */

/* Begin PBXProject section */
		FA7A8A7D29DCAA0B00C49FCA /* Project object */ = {
			isa = PBXProject;
			attributes = {
				BuildIndependentTargetsInParallel = 1;
				LastSwiftUpdateCheck = 1420;
				LastUpgradeCheck = 1420;
				TargetAttributes = {
					FA7A8A8429DCAA0B00C49FCA = {
						CreatedOnToolsVersion = 14.2;
					};
					FA7A8A9429DCAA0C00C49FCA = {
						CreatedOnToolsVersion = 14.2;
						TestTargetID = FA7A8A8429DCAA0B00C49FCA;
					};
				};
			};
			buildConfigurationList = FA7A8A8029DCAA0B00C49FCA /* Build configuration list for PBXProject "Zenion" */;
			compatibilityVersion = "Xcode 14.0";
			developmentRegion = en;
			hasScannedForEncodings = 0;
			knownRegions = (
				en,
				Base,
			);
			mainGroup = FA7A8A7C29DCAA0B00C49FCA;
			packageReferences = (
				FA21E68A29EDD34D0081285B /* XCRemoteSwiftPackageReference "Kingfisher" */,
				FAD1293A29F31819003706AE /* XCRemoteSwiftPackageReference "firebase-ios-sdk" */,
				FAD1294929F31AFB003706AE /* XCRemoteSwiftPackageReference "youtube-ios-player-helper" */,
				FAEB5FAA2A056C9A00801795 /* XCRemoteSwiftPackageReference "GoogleSignIn-iOS" */,
			);
			productRefGroup = FA7A8A8629DCAA0B00C49FCA /* Products */;
			projectDirPath = "";
			projectRoot = "";
			targets = (
				FA7A8A8429DCAA0B00C49FCA /* Zenion */,
				FA7A8A9429DCAA0C00C49FCA /* ZenionTests */,
			);
		};
/* End PBXProject section */

/* Begin PBXResourcesBuildPhase section */
		FA7A8A8329DCAA0B00C49FCA /* Resources */ = {
			isa = PBXResourcesBuildPhase;
			buildActionMask = 2147483647;
			files = (
				FA4C0E2129DCE53700D035C6 /* Colors.xcassets in Resources */,
				FA772E8829E6BF9F00964048 /* GoogleService-Info.plist in Resources */,
				FA7A8A9029DCAA0C00C49FCA /* Preview Assets.xcassets in Resources */,
				FA7A8A8D29DCAA0C00C49FCA /* Assets.xcassets in Resources */,
			);
			runOnlyForDeploymentPostprocessing = 0;
		};
		FA7A8A9329DCAA0C00C49FCA /* Resources */ = {
			isa = PBXResourcesBuildPhase;
			buildActionMask = 2147483647;
			files = (
			);
			runOnlyForDeploymentPostprocessing = 0;
		};
/* End PBXResourcesBuildPhase section */

/* Begin PBXSourcesBuildPhase section */
		FA7A8A8129DCAA0B00C49FCA /* Sources */ = {
			isa = PBXSourcesBuildPhase;
			buildActionMask = 2147483647;
			files = (
				FA7AECA629DCDAEF00DC1ED8 /* CustomRegisterButtom.swift in Sources */,
				FAD7D8DE29FA9DA800E54138 /* HistoryUpload.swift in Sources */,
				FA772EA029E6E2F800964048 /* CustomButton.swift in Sources */,
				FA8B299129F336C600A12CE7 /* HomeimageTableView.swift in Sources */,
				FABFF66B29FEA3B700B58948 /* CustomListViewViewModel.swift in Sources */,
				FAD5985229F7393A00C4B4D6 /* UserSclorLIstView.swift in Sources */,
				FAD29A5E29DDB1F00009F917 /* AllMovieView.swift in Sources */,
				FAEA02352A059B6200AFED36 /* ImagePicker.swift in Sources */,
				FA487CE829E47A0C00FC332C /* LaunchScreen.swift in Sources */,
				FA8B298F29F3368800A12CE7 /* HomeContents.swift in Sources */,
				FAD5984429F6F65700C4B4D6 /* DetalPageViewModel.swift in Sources */,
				FA772EA729E6EC2200964048 /* RegisterModelView.swift in Sources */,
				FA4C00E12A019350001CDC1B /* ProfilePageViewModel.swift in Sources */,
				FA222E1D29F03CC8002BC088 /* UserViewModel.swift in Sources */,
				FAD29A6229DDB20C0009F917 /* userView.swift in Sources */,
				FA772EA329E6EA0800964048 /* PrivacypPolicyView.swift in Sources */,
				FA772E9929E6C07700964048 /* SignInViewModel.swift in Sources */,
				FAD5984D29F7388200C4B4D6 /* FavoriteViewModel.swift in Sources */,
				FA0EDC8C29F5852C0041AF89 /* MovieSerieList.swift in Sources */,
				FA5EC59929F30DCF00751923 /* DescriptionView.swift in Sources */,
				FAD29A5A29DDB1DB0009F917 /* HomeView.swift in Sources */,
				FA6A7A4F29E1C38E00A549D1 /* CustomListView.swift in Sources */,
				FA0296B129EEE8A2003D3F2E /* AllModelView.swift in Sources */,
				FA7AEC9E29DCC81B00DC1ED8 /* SiginWithPasswordView.swift in Sources */,
				FAEAD9772A0577EF0095E00E /* DestinationV_M.swift in Sources */,
				FA4C0E1A29DCDD2B00D035C6 /* ResetPasswordView.swift in Sources */,
				FAD5984829F7057E00C4B4D6 /* MovieModel.xcdatamodeld in Sources */,
				FAD29A5C29DDB1E20009F917 /* SearchView.swift in Sources */,
				FA0296B629EEF714003D3F2E /* searchViewModel.swift in Sources */,
				FA77B8E329F0109000B8317C /* PhotoUploader.swift in Sources */,
				FA4C0E1F29DCE29800D035C6 /* CreatAccountView.swift in Sources */,
				FA3E479F29EADF1C00D1A93C /* HomeModelView.swift in Sources */,
				FAEB5FB12A0572F600801795 /* Utilities.swift in Sources */,
				FA487CE629E4793C00FC332C /* DestinationStart.swift in Sources */,
				FAD5985429F7396300C4B4D6 /* ProfilePhoto.swift in Sources */,
				FA57CDDC2A0036C600814CFD /* ProfilePageView.swift in Sources */,
				FA3E479D29EABE7300D1A93C /* FirebaseDatabaseInfo.swift in Sources */,
				FA4F395E29FD9B1E00B7CF0A /* FilterPageView.swift in Sources */,
				FAD5985629F7533C00C4B4D6 /* Icon.swift in Sources */,
				FA46CF1629F850AE007B8F4B /* Uploadfavorite.swift in Sources */,
				FABFF66829FE88AE00B58948 /* FilterViewModel.swift in Sources */,
				FAD29A6029DDB1FF0009F917 /* FavoriteView.swift in Sources */,
				FABFF66529FE70EC00B58948 /* RangedSliderView.swift in Sources */,
				FAD1294E29F31C75003706AE /* YouTubePlayerView.swift in Sources */,
				FAD5984A29F7061100C4B4D6 /* DataController.swift in Sources */,
				FA0296B329EEF3E0003D3F2E /* TabViewModel.swift in Sources */,
				FA5EC59529F2FB1400751923 /* DetalPageView.swift in Sources */,
				FA772E8629E6AF6400964048 /* ActivityIndicator.swift in Sources */,
				FAEA02322A059B0A00AFED36 /* ProfilePageListItem.swift in Sources */,
				FA6585E129DDB8E60057D70C /* TabBarView.swift in Sources */,
				FA7A8A8929DCAA0B00C49FCA /* ZenionApp.swift in Sources */,
				FA772E9C29E6DCE900964048 /* ResetPasswordModelView.swift in Sources */,
				FA0EDC8F29F5B1980041AF89 /* VideoPLayerView.swift in Sources */,
				FAD7D8E129FAB34100E54138 /* Player.swift in Sources */,
				FA487CE229E4706200FC332C /* Info.swift in Sources */,
			);
			runOnlyForDeploymentPostprocessing = 0;
		};
		FA7A8A9129DCAA0C00C49FCA /* Sources */ = {
			isa = PBXSourcesBuildPhase;
			buildActionMask = 2147483647;
			files = (
				FA7A8A9A29DCAA0C00C49FCA /* ZenionTests.swift in Sources */,
			);
			runOnlyForDeploymentPostprocessing = 0;
		};
/* End PBXSourcesBuildPhase section */

/* Begin PBXTargetDependency section */
		FA7A8A9729DCAA0C00C49FCA /* PBXTargetDependency */ = {
			isa = PBXTargetDependency;
			target = FA7A8A8429DCAA0B00C49FCA /* Zenion */;
			targetProxy = FA7A8A9629DCAA0C00C49FCA /* PBXContainerItemProxy */;
		};
/* End PBXTargetDependency section */

/* Begin XCBuildConfiguration section */
		FA7A8AA729DCAA0C00C49FCA /* Debug */ = {
			isa = XCBuildConfiguration;
			buildSettings = {
				ALWAYS_SEARCH_USER_PATHS = NO;
				CLANG_ANALYZER_NONNULL = YES;
				CLANG_ANALYZER_NUMBER_OBJECT_CONVERSION = YES_AGGRESSIVE;
				CLANG_CXX_LANGUAGE_STANDARD = "gnu++20";
				CLANG_ENABLE_MODULES = YES;
				CLANG_ENABLE_OBJC_ARC = YES;
				CLANG_ENABLE_OBJC_WEAK = YES;
				CLANG_WARN_BLOCK_CAPTURE_AUTORELEASING = YES;
				CLANG_WARN_BOOL_CONVERSION = YES;
				CLANG_WARN_COMMA = YES;
				CLANG_WARN_CONSTANT_CONVERSION = YES;
				CLANG_WARN_DEPRECATED_OBJC_IMPLEMENTATIONS = YES;
				CLANG_WARN_DIRECT_OBJC_ISA_USAGE = YES_ERROR;
				CLANG_WARN_DOCUMENTATION_COMMENTS = YES;
				CLANG_WARN_EMPTY_BODY = YES;
				CLANG_WARN_ENUM_CONVERSION = YES;
				CLANG_WARN_INFINITE_RECURSION = YES;
				CLANG_WARN_INT_CONVERSION = YES;
				CLANG_WARN_NON_LITERAL_NULL_CONVERSION = YES;
				CLANG_WARN_OBJC_IMPLICIT_RETAIN_SELF = YES;
				CLANG_WARN_OBJC_LITERAL_CONVERSION = YES;
				CLANG_WARN_OBJC_ROOT_CLASS = YES_ERROR;
				CLANG_WARN_QUOTED_INCLUDE_IN_FRAMEWORK_HEADER = YES;
				CLANG_WARN_RANGE_LOOP_ANALYSIS = YES;
				CLANG_WARN_STRICT_PROTOTYPES = YES;
				CLANG_WARN_SUSPICIOUS_MOVE = YES;
				CLANG_WARN_UNGUARDED_AVAILABILITY = YES_AGGRESSIVE;
				CLANG_WARN_UNREACHABLE_CODE = YES;
				CLANG_WARN__DUPLICATE_METHOD_MATCH = YES;
				COPY_PHASE_STRIP = NO;
				DEBUG_INFORMATION_FORMAT = dwarf;
				ENABLE_STRICT_OBJC_MSGSEND = YES;
				ENABLE_TESTABILITY = YES;
				GCC_C_LANGUAGE_STANDARD = gnu11;
				GCC_DYNAMIC_NO_PIC = NO;
				GCC_NO_COMMON_BLOCKS = YES;
				GCC_OPTIMIZATION_LEVEL = 0;
				GCC_PREPROCESSOR_DEFINITIONS = (
					"DEBUG=1",
					"$(inherited)",
				);
				GCC_WARN_64_TO_32_BIT_CONVERSION = YES;
				GCC_WARN_ABOUT_RETURN_TYPE = YES_ERROR;
				GCC_WARN_UNDECLARED_SELECTOR = YES;
				GCC_WARN_UNINITIALIZED_AUTOS = YES_AGGRESSIVE;
				GCC_WARN_UNUSED_FUNCTION = YES;
				GCC_WARN_UNUSED_VARIABLE = YES;
				IPHONEOS_DEPLOYMENT_TARGET = 16.2;
				MTL_ENABLE_DEBUG_INFO = INCLUDE_SOURCE;
				MTL_FAST_MATH = YES;
				ONLY_ACTIVE_ARCH = YES;
				SDKROOT = iphoneos;
				SWIFT_ACTIVE_COMPILATION_CONDITIONS = DEBUG;
				SWIFT_OPTIMIZATION_LEVEL = "-Onone";
			};
			name = Debug;
		};
		FA7A8AA829DCAA0C00C49FCA /* Release */ = {
			isa = XCBuildConfiguration;
			buildSettings = {
				ALWAYS_SEARCH_USER_PATHS = NO;
				CLANG_ANALYZER_NONNULL = YES;
				CLANG_ANALYZER_NUMBER_OBJECT_CONVERSION = YES_AGGRESSIVE;
				CLANG_CXX_LANGUAGE_STANDARD = "gnu++20";
				CLANG_ENABLE_MODULES = YES;
				CLANG_ENABLE_OBJC_ARC = YES;
				CLANG_ENABLE_OBJC_WEAK = YES;
				CLANG_WARN_BLOCK_CAPTURE_AUTORELEASING = YES;
				CLANG_WARN_BOOL_CONVERSION = YES;
				CLANG_WARN_COMMA = YES;
				CLANG_WARN_CONSTANT_CONVERSION = YES;
				CLANG_WARN_DEPRECATED_OBJC_IMPLEMENTATIONS = YES;
				CLANG_WARN_DIRECT_OBJC_ISA_USAGE = YES_ERROR;
				CLANG_WARN_DOCUMENTATION_COMMENTS = YES;
				CLANG_WARN_EMPTY_BODY = YES;
				CLANG_WARN_ENUM_CONVERSION = YES;
				CLANG_WARN_INFINITE_RECURSION = YES;
				CLANG_WARN_INT_CONVERSION = YES;
				CLANG_WARN_NON_LITERAL_NULL_CONVERSION = YES;
				CLANG_WARN_OBJC_IMPLICIT_RETAIN_SELF = YES;
				CLANG_WARN_OBJC_LITERAL_CONVERSION = YES;
				CLANG_WARN_OBJC_ROOT_CLASS = YES_ERROR;
				CLANG_WARN_QUOTED_INCLUDE_IN_FRAMEWORK_HEADER = YES;
				CLANG_WARN_RANGE_LOOP_ANALYSIS = YES;
				CLANG_WARN_STRICT_PROTOTYPES = YES;
				CLANG_WARN_SUSPICIOUS_MOVE = YES;
				CLANG_WARN_UNGUARDED_AVAILABILITY = YES_AGGRESSIVE;
				CLANG_WARN_UNREACHABLE_CODE = YES;
				CLANG_WARN__DUPLICATE_METHOD_MATCH = YES;
				COPY_PHASE_STRIP = NO;
				DEBUG_INFORMATION_FORMAT = "dwarf-with-dsym";
				ENABLE_NS_ASSERTIONS = NO;
				ENABLE_STRICT_OBJC_MSGSEND = YES;
				GCC_C_LANGUAGE_STANDARD = gnu11;
				GCC_NO_COMMON_BLOCKS = YES;
				GCC_WARN_64_TO_32_BIT_CONVERSION = YES;
				GCC_WARN_ABOUT_RETURN_TYPE = YES_ERROR;
				GCC_WARN_UNDECLARED_SELECTOR = YES;
				GCC_WARN_UNINITIALIZED_AUTOS = YES_AGGRESSIVE;
				GCC_WARN_UNUSED_FUNCTION = YES;
				GCC_WARN_UNUSED_VARIABLE = YES;
				IPHONEOS_DEPLOYMENT_TARGET = 16.2;
				MTL_ENABLE_DEBUG_INFO = NO;
				MTL_FAST_MATH = YES;
				SDKROOT = iphoneos;
				SWIFT_COMPILATION_MODE = wholemodule;
				SWIFT_OPTIMIZATION_LEVEL = "-O";
				VALIDATE_PRODUCT = YES;
			};
			name = Release;
		};
		FA7A8AAA29DCAA0C00C49FCA /* Debug */ = {
			isa = XCBuildConfiguration;
			buildSettings = {
				ASSETCATALOG_COMPILER_APPICON_NAME = AppIcon;
				ASSETCATALOG_COMPILER_GLOBAL_ACCENT_COLOR_NAME = AccentColor;
				CODE_SIGN_ENTITLEMENTS = Zenion/ZenionDebug.entitlements;
				CODE_SIGN_STYLE = Automatic;
				CURRENT_PROJECT_VERSION = 1;
				DEVELOPMENT_ASSET_PATHS = "\"Zenion/Preview Content\"";
				DEVELOPMENT_TEAM = 4V72AN9226;
				ENABLE_PREVIEWS = YES;
				GENERATE_INFOPLIST_FILE = YES;
				INFOPLIST_FILE = Zenion/Info.plist;
				INFOPLIST_KEY_UIApplicationSceneManifest_Generation = YES;
				INFOPLIST_KEY_UIApplicationSupportsIndirectInputEvents = YES;
				INFOPLIST_KEY_UILaunchScreen_Generation = YES;
				INFOPLIST_KEY_UISupportedInterfaceOrientations = "UIInterfaceOrientationPortrait UIInterfaceOrientationPortraitUpsideDown";
				LD_RUNPATH_SEARCH_PATHS = (
					"$(inherited)",
					"@executable_path/Frameworks",
				);
				MARKETING_VERSION = 1.0;
				PRODUCT_BUNDLE_IDENTIFIER = "Anzori-kizikelashvili.Zenion";
				PRODUCT_NAME = "$(TARGET_NAME)";
				SWIFT_EMIT_LOC_STRINGS = YES;
				SWIFT_VERSION = 5.0;
				TARGETED_DEVICE_FAMILY = "1,2";
			};
			name = Debug;
		};
		FA7A8AAB29DCAA0C00C49FCA /* Release */ = {
			isa = XCBuildConfiguration;
			buildSettings = {
				ASSETCATALOG_COMPILER_APPICON_NAME = AppIcon;
				ASSETCATALOG_COMPILER_GLOBAL_ACCENT_COLOR_NAME = AccentColor;
				CODE_SIGN_STYLE = Automatic;
				CURRENT_PROJECT_VERSION = 1;
				DEVELOPMENT_ASSET_PATHS = "\"Zenion/Preview Content\"";
				DEVELOPMENT_TEAM = 4V72AN9226;
				ENABLE_PREVIEWS = YES;
				GENERATE_INFOPLIST_FILE = YES;
				INFOPLIST_FILE = Zenion/Info.plist;
				INFOPLIST_KEY_UIApplicationSceneManifest_Generation = YES;
				INFOPLIST_KEY_UIApplicationSupportsIndirectInputEvents = YES;
				INFOPLIST_KEY_UILaunchScreen_Generation = YES;
				INFOPLIST_KEY_UISupportedInterfaceOrientations = "UIInterfaceOrientationPortrait UIInterfaceOrientationPortraitUpsideDown";
				LD_RUNPATH_SEARCH_PATHS = (
					"$(inherited)",
					"@executable_path/Frameworks",
				);
				MARKETING_VERSION = 1.0;
				PRODUCT_BUNDLE_IDENTIFIER = "Anzori-kizikelashvili.Zenion";
				PRODUCT_NAME = "$(TARGET_NAME)";
				SWIFT_EMIT_LOC_STRINGS = YES;
				SWIFT_VERSION = 5.0;
				TARGETED_DEVICE_FAMILY = "1,2";
			};
			name = Release;
		};
		FA7A8AAD29DCAA0C00C49FCA /* Debug */ = {
			isa = XCBuildConfiguration;
			buildSettings = {
				ALWAYS_EMBED_SWIFT_STANDARD_LIBRARIES = YES;
				BUNDLE_LOADER = "$(TEST_HOST)";
				CODE_SIGN_STYLE = Automatic;
				CURRENT_PROJECT_VERSION = 1;
				DEVELOPMENT_TEAM = 4V72AN9226;
				GENERATE_INFOPLIST_FILE = YES;
				IPHONEOS_DEPLOYMENT_TARGET = 16.2;
				MARKETING_VERSION = 1.0;
				PRODUCT_BUNDLE_IDENTIFIER = "Anzori-kizikelashvili.ZenionTests";
				PRODUCT_NAME = "$(TARGET_NAME)";
				SWIFT_EMIT_LOC_STRINGS = NO;
				SWIFT_VERSION = 5.0;
				TARGETED_DEVICE_FAMILY = "1,2";
				TEST_HOST = "$(BUILT_PRODUCTS_DIR)/Zenion.app/$(BUNDLE_EXECUTABLE_FOLDER_PATH)/Zenion";
			};
			name = Debug;
		};
		FA7A8AAE29DCAA0C00C49FCA /* Release */ = {
			isa = XCBuildConfiguration;
			buildSettings = {
				ALWAYS_EMBED_SWIFT_STANDARD_LIBRARIES = YES;
				BUNDLE_LOADER = "$(TEST_HOST)";
				CODE_SIGN_STYLE = Automatic;
				CURRENT_PROJECT_VERSION = 1;
				DEVELOPMENT_TEAM = 4V72AN9226;
				GENERATE_INFOPLIST_FILE = YES;
				IPHONEOS_DEPLOYMENT_TARGET = 16.2;
				MARKETING_VERSION = 1.0;
				PRODUCT_BUNDLE_IDENTIFIER = "Anzori-kizikelashvili.ZenionTests";
				PRODUCT_NAME = "$(TARGET_NAME)";
				SWIFT_EMIT_LOC_STRINGS = NO;
				SWIFT_VERSION = 5.0;
				TARGETED_DEVICE_FAMILY = "1,2";
				TEST_HOST = "$(BUILT_PRODUCTS_DIR)/Zenion.app/$(BUNDLE_EXECUTABLE_FOLDER_PATH)/Zenion";
			};
			name = Release;
		};
/* End XCBuildConfiguration section */

/* Begin XCConfigurationList section */
		FA7A8A8029DCAA0B00C49FCA /* Build configuration list for PBXProject "Zenion" */ = {
			isa = XCConfigurationList;
			buildConfigurations = (
				FA7A8AA729DCAA0C00C49FCA /* Debug */,
				FA7A8AA829DCAA0C00C49FCA /* Release */,
			);
			defaultConfigurationIsVisible = 0;
			defaultConfigurationName = Release;
		};
		FA7A8AA929DCAA0C00C49FCA /* Build configuration list for PBXNativeTarget "Zenion" */ = {
			isa = XCConfigurationList;
			buildConfigurations = (
				FA7A8AAA29DCAA0C00C49FCA /* Debug */,
				FA7A8AAB29DCAA0C00C49FCA /* Release */,
			);
			defaultConfigurationIsVisible = 0;
			defaultConfigurationName = Release;
		};
		FA7A8AAC29DCAA0C00C49FCA /* Build configuration list for PBXNativeTarget "ZenionTests" */ = {
			isa = XCConfigurationList;
			buildConfigurations = (
				FA7A8AAD29DCAA0C00C49FCA /* Debug */,
				FA7A8AAE29DCAA0C00C49FCA /* Release */,
			);
			defaultConfigurationIsVisible = 0;
			defaultConfigurationName = Release;
		};
/* End XCConfigurationList section */

/* Begin XCRemoteSwiftPackageReference section */
		FA21E68A29EDD34D0081285B /* XCRemoteSwiftPackageReference "Kingfisher" */ = {
			isa = XCRemoteSwiftPackageReference;
			repositoryURL = "https://github.com/onevcat/Kingfisher.git";
			requirement = {
				kind = upToNextMajorVersion;
				minimumVersion = 7.0.0;
			};
		};
		FAD1293A29F31819003706AE /* XCRemoteSwiftPackageReference "firebase-ios-sdk" */ = {
			isa = XCRemoteSwiftPackageReference;
			repositoryURL = "https://github.com/firebase/firebase-ios-sdk";
			requirement = {
				kind = upToNextMajorVersion;
				minimumVersion = 10.0.0;
			};
		};
		FAD1294929F31AFB003706AE /* XCRemoteSwiftPackageReference "youtube-ios-player-helper" */ = {
			isa = XCRemoteSwiftPackageReference;
			repositoryURL = "https://github.com/youtube/youtube-ios-player-helper.git";
			requirement = {
				kind = upToNextMajorVersion;
				minimumVersion = 1.0.0;
			};
		};
		FAEB5FAA2A056C9A00801795 /* XCRemoteSwiftPackageReference "GoogleSignIn-iOS" */ = {
			isa = XCRemoteSwiftPackageReference;
			repositoryURL = "https://github.com/google/GoogleSignIn-iOS";
			requirement = {
				kind = upToNextMajorVersion;
				minimumVersion = 7.0.0;
			};
		};
/* End XCRemoteSwiftPackageReference section */

/* Begin XCSwiftPackageProductDependency section */
		FA21E68B29EDD34D0081285B /* Kingfisher */ = {
			isa = XCSwiftPackageProductDependency;
			package = FA21E68A29EDD34D0081285B /* XCRemoteSwiftPackageReference "Kingfisher" */;
			productName = Kingfisher;
		};
		FAD1293B29F31819003706AE /* FirebaseAnalytics */ = {
			isa = XCSwiftPackageProductDependency;
			package = FAD1293A29F31819003706AE /* XCRemoteSwiftPackageReference "firebase-ios-sdk" */;
			productName = FirebaseAnalytics;
		};
		FAD1293D29F31819003706AE /* FirebaseAuth */ = {
			isa = XCSwiftPackageProductDependency;
			package = FAD1293A29F31819003706AE /* XCRemoteSwiftPackageReference "firebase-ios-sdk" */;
			productName = FirebaseAuth;
		};
		FAD1293F29F31819003706AE /* FirebaseDatabase */ = {
			isa = XCSwiftPackageProductDependency;
			package = FAD1293A29F31819003706AE /* XCRemoteSwiftPackageReference "firebase-ios-sdk" */;
			productName = FirebaseDatabase;
		};
		FAD1294129F31819003706AE /* FirebaseDatabaseSwift */ = {
			isa = XCSwiftPackageProductDependency;
			package = FAD1293A29F31819003706AE /* XCRemoteSwiftPackageReference "firebase-ios-sdk" */;
			productName = FirebaseDatabaseSwift;
		};
		FAD1294329F31819003706AE /* FirebaseFirestore */ = {
			isa = XCSwiftPackageProductDependency;
			package = FAD1293A29F31819003706AE /* XCRemoteSwiftPackageReference "firebase-ios-sdk" */;
			productName = FirebaseFirestore;
		};
		FAD1294529F31819003706AE /* FirebaseFirestoreSwift */ = {
			isa = XCSwiftPackageProductDependency;
			package = FAD1293A29F31819003706AE /* XCRemoteSwiftPackageReference "firebase-ios-sdk" */;
			productName = FirebaseFirestoreSwift;
		};
		FAD1294729F31819003706AE /* FirebaseStorage */ = {
			isa = XCSwiftPackageProductDependency;
			package = FAD1293A29F31819003706AE /* XCRemoteSwiftPackageReference "firebase-ios-sdk" */;
			productName = FirebaseStorage;
		};
		FAD1294A29F31AFB003706AE /* YouTubeiOSPlayerHelper */ = {
			isa = XCSwiftPackageProductDependency;
			package = FAD1294929F31AFB003706AE /* XCRemoteSwiftPackageReference "youtube-ios-player-helper" */;
			productName = YouTubeiOSPlayerHelper;
		};
		FAEB5FAB2A056C9A00801795 /* GoogleSignIn */ = {
			isa = XCSwiftPackageProductDependency;
			package = FAEB5FAA2A056C9A00801795 /* XCRemoteSwiftPackageReference "GoogleSignIn-iOS" */;
			productName = GoogleSignIn;
		};
		FAEB5FAD2A056C9A00801795 /* GoogleSignInSwift */ = {
			isa = XCSwiftPackageProductDependency;
			package = FAEB5FAA2A056C9A00801795 /* XCRemoteSwiftPackageReference "GoogleSignIn-iOS" */;
			productName = GoogleSignInSwift;
		};
/* End XCSwiftPackageProductDependency section */

/* Begin XCVersionGroup section */
		FAD5984629F7057E00C4B4D6 /* MovieModel.xcdatamodeld */ = {
			isa = XCVersionGroup;
			children = (
				FAD5984729F7057E00C4B4D6 /* MovieModel.xcdatamodel */,
			);
			currentVersion = FAD5984729F7057E00C4B4D6 /* MovieModel.xcdatamodel */;
			path = MovieModel.xcdatamodeld;
			sourceTree = "<group>";
			versionGroupType = wrapper.xcdatamodel;
		};
/* End XCVersionGroup section */
	};
	rootObject = FA7A8A7D29DCAA0B00C49FCA /* Project object */;
}
